
Microsoft Visual Studio Solution File, Format Version 12.00
# Visual Studio Version 17
VisualStudioVersion = 17.1.32319.34
MinimumVisualStudioVersion = 10.0.40219.1
Project("{FAE04EC0-301F-11D3-BF4B-00C04F79EFBC}") = "VehicleLoan", "VehicleLoan\VehicleLoan.csproj", "{899766E5-8853-451F-855B-94CD61A4E2A7}"
EndProject
Global
	GlobalSection(SolutionConfigurationPlatforms) = preSolution
		Debug|Any CPU = Debug|Any CPU
		Release|Any CPU = Release|Any CPU
	EndGlobalSection
	GlobalSection(ProjectConfigurationPlatforms) = postSolution
		{899766E5-8853-451F-855B-94CD61A4E2A7}.Debug|Any CPU.ActiveCfg = Debug|Any CPU
		{899766E5-8853-451F-855B-94CD61A4E2A7}.Debug|Any CPU.Build.0 = Debug|Any CPU
		{899766E5-8853-451F-855B-94CD61A4E2A7}.Release|Any CPU.ActiveCfg = Release|Any CPU
		{899766E5-8853-451F-855B-94CD61A4E2A7}.Release|Any CPU.Build.0 = Release|Any CPU
	EndGlobalSection
	GlobalSection(SolutionProperties) = preSolution
		HideSolutionNode = FALSE
	EndGlobalSection
	GlobalSection(ExtensibilityGlobals) = postSolution
		SolutionGuid = {6F17D8E5-BD7A-4E66-8A39-5A2AECFD97EF}
	EndGlobalSection
EndGlobal
